
Microsoft Visual Studio Solution File, Format Version 12.00
# Visual Studio 15
VisualStudioVersion = 15.0.26124.0
MinimumVisualStudioVersion = 15.0.26124.0
Project("{FAE04EC0-301F-11D3-BF4B-00C04F79EFBC}") = "WpfDemo", "src\WpfDemo\WpfDemo.csproj", "{DF1180A7-B1E7-4AD2-8832-4C2F115917FF}"
EndProject
Project("{FAE04EC0-301F-11D3-BF4B-00C04F79EFBC}") = "UwpDemo", "src\UwpDemo\UwpDemo.csproj", "{9CB61DB1-53BB-4C2E-A71D-AFDFEB1E7853}"
EndProject
Project("{FAE04EC0-301F-11D3-BF4B-00C04F79EFBC}") = "ZuneLike", "src\ZuneLike\ZuneLike.csproj", "{25828219-CB32-4267-94BD-162A02ED3FEA}"
EndProject
Project("{FAE04EC0-301F-11D3-BF4B-00C04F79EFBC}") = "ZuneLike.Uwp", "src\ZuneLike.Uwp\ZuneLike.Uwp.csproj", "{78BFEF26-1FCC-4714-BC15-9E7E0BD35280}"
EndProject
Global
	GlobalSection(SolutionConfigurationPlatforms) = preSolution
		Debug|Any CPU = Debug|Any CPU
		Debug|ARM = Debug|ARM
		Debug|ARM64 = Debug|ARM64
		Debug|x64 = Debug|x64
		Debug|x86 = Debug|x86
		Release|Any CPU = Release|Any CPU
		Release|ARM = Release|ARM
		Release|ARM64 = Release|ARM64
		Release|x64 = Release|x64
		Release|x86 = Release|x86
	EndGlobalSection
	GlobalSection(ProjectConfigurationPlatforms) = postSolution
		{DF1180A7-B1E7-4AD2-8832-4C2F115917FF}.Debug|Any CPU.ActiveCfg = Debug|Any CPU
		{DF1180A7-B1E7-4AD2-8832-4C2F115917FF}.Debug|Any CPU.Build.0 = Debug|Any CPU
		{DF1180A7-B1E7-4AD2-8832-4C2F115917FF}.Debug|ARM.ActiveCfg = Debug|Any CPU
		{DF1180A7-B1E7-4AD2-8832-4C2F115917FF}.Debug|ARM.Build.0 = Debug|Any CPU
		{DF1180A7-B1E7-4AD2-8832-4C2F115917FF}.Debug|ARM64.ActiveCfg = Debug|Any CPU
		{DF1180A7-B1E7-4AD2-8832-4C2F115917FF}.Debug|ARM64.Build.0 = Debug|Any CPU
		{DF1180A7-B1E7-4AD2-8832-4C2F115917FF}.Debug|x64.ActiveCfg = Debug|Any CPU
		{DF1180A7-B1E7-4AD2-8832-4C2F115917FF}.Debug|x64.Build.0 = Debug|Any CPU
		{DF1180A7-B1E7-4AD2-8832-4C2F115917FF}.Debug|x86.ActiveCfg = Debug|Any CPU
		{DF1180A7-B1E7-4AD2-8832-4C2F115917FF}.Debug|x86.Build.0 = Debug|Any CPU
		{DF1180A7-B1E7-4AD2-8832-4C2F115917FF}.Release|Any CPU.ActiveCfg = Release|Any CPU
		{DF1180A7-B1E7-4AD2-8832-4C2F115917FF}.Release|Any CPU.Build.0 = Release|Any CPU
		{DF1180A7-B1E7-4AD2-8832-4C2F115917FF}.Release|ARM.ActiveCfg = Release|Any CPU
		{DF1180A7-B1E7-4AD2-8832-4C2F115917FF}.Release|ARM.Build.0 = Release|Any CPU
		{DF1180A7-B1E7-4AD2-8832-4C2F115917FF}.Release|ARM64.ActiveCfg = Release|Any CPU
		{DF1180A7-B1E7-4AD2-8832-4C2F115917FF}.Release|ARM64.Build.0 = Release|Any CPU
		{DF1180A7-B1E7-4AD2-8832-4C2F115917FF}.Release|x64.ActiveCfg = Release|Any CPU
		{DF1180A7-B1E7-4AD2-8832-4C2F115917FF}.Release|x64.Build.0 = Release|Any CPU
		{DF1180A7-B1E7-4AD2-8832-4C2F115917FF}.Release|x86.ActiveCfg = Release|Any CPU
		{DF1180A7-B1E7-4AD2-8832-4C2F115917FF}.Release|x86.Build.0 = Release|Any CPU
		{9CB61DB1-53BB-4C2E-A71D-AFDFEB1E7853}.Debug|Any CPU.ActiveCfg = Debug|x86
		{9CB61DB1-53BB-4C2E-A71D-AFDFEB1E7853}.Debug|ARM.ActiveCfg = Debug|ARM
		{9CB61DB1-53BB-4C2E-A71D-AFDFEB1E7853}.Debug|ARM.Build.0 = Debug|ARM
		{9CB61DB1-53BB-4C2E-A71D-AFDFEB1E7853}.Debug|ARM.Deploy.0 = Debug|ARM
		{9CB61DB1-53BB-4C2E-A71D-AFDFEB1E7853}.Debug|ARM64.ActiveCfg = Debug|ARM64
		{9CB61DB1-53BB-4C2E-A71D-AFDFEB1E7853}.Debug|ARM64.Build.0 = Debug|ARM64
		{9CB61DB1-53BB-4C2E-A71D-AFDFEB1E7853}.Debug|ARM64.Deploy.0 = Debug|ARM64
		{9CB61DB1-53BB-4C2E-A71D-AFDFEB1E7853}.Debug|x64.ActiveCfg = Debug|x64
		{9CB61DB1-53BB-4C2E-A71D-AFDFEB1E7853}.Debug|x64.Build.0 = Debug|x64
		{9CB61DB1-53BB-4C2E-A71D-AFDFEB1E7853}.Debug|x64.Deploy.0 = Debug|x64
		{9CB61DB1-53BB-4C2E-A71D-AFDFEB1E7853}.Debug|x86.ActiveCfg = Debug|x86
		{9CB61DB1-53BB-4C2E-A71D-AFDFEB1E7853}.Debug|x86.Build.0 = Debug|x86
		{9CB61DB1-53BB-4C2E-A71D-AFDFEB1E7853}.Debug|x86.Deploy.0 = Debug|x86
		{9CB61DB1-53BB-4C2E-A71D-AFDFEB1E7853}.Release|Any CPU.ActiveCfg = Release|x86
		{9CB61DB1-53BB-4C2E-A71D-AFDFEB1E7853}.Release|ARM.ActiveCfg = Release|ARM
		{9CB61DB1-53BB-4C2E-A71D-AFDFEB1E7853}.Release|ARM.Build.0 = Release|ARM
		{9CB61DB1-53BB-4C2E-A71D-AFDFEB1E7853}.Release|ARM.Deploy.0 = Release|ARM
		{9CB61DB1-53BB-4C2E-A71D-AFDFEB1E7853}.Release|ARM64.ActiveCfg = Release|ARM64
		{9CB61DB1-53BB-4C2E-A71D-AFDFEB1E7853}.Release|ARM64.Build.0 = Release|ARM64
		{9CB61DB1-53BB-4C2E-A71D-AFDFEB1E7853}.Release|ARM64.Deploy.0 = Release|ARM64
		{9CB61DB1-53BB-4C2E-A71D-AFDFEB1E7853}.Release|x64.ActiveCfg = Release|x64
		{9CB61DB1-53BB-4C2E-A71D-AFDFEB1E7853}.Release|x64.Build.0 = Release|x64
		{9CB61DB1-53BB-4C2E-A71D-AFDFEB1E7853}.Release|x64.Deploy.0 = Release|x64
		{9CB61DB1-53BB-4C2E-A71D-AFDFEB1E7853}.Release|x86.ActiveCfg = Release|x86
		{9CB61DB1-53BB-4C2E-A71D-AFDFEB1E7853}.Release|x86.Build.0 = Release|x86
		{9CB61DB1-53BB-4C2E-A71D-AFDFEB1E7853}.Release|x86.Deploy.0 = Release|x86
		{25828219-CB32-4267-94BD-162A02ED3FEA}.Debug|Any CPU.ActiveCfg = Debug|Any CPU
		{25828219-CB32-4267-94BD-162A02ED3FEA}.Debug|Any CPU.Build.0 = Debug|Any CPU
		{25828219-CB32-4267-94BD-162A02ED3FEA}.Debug|ARM.ActiveCfg = Debug|Any CPU
		{25828219-CB32-4267-94BD-162A02ED3FEA}.Debug|ARM.Build.0 = Debug|Any CPU
		{25828219-CB32-4267-94BD-162A02ED3FEA}.Debug|ARM64.ActiveCfg = Debug|Any CPU
		{25828219-CB32-4267-94BD-162A02ED3FEA}.Debug|ARM64.Build.0 = Debug|Any CPU
		{25828219-CB32-4267-94BD-162A02ED3FEA}.Debug|x64.ActiveCfg = Debug|Any CPU
		{25828219-CB32-4267-94BD-162A02ED3FEA}.Debug|x64.Build.0 = Debug|Any CPU
		{25828219-CB32-4267-94BD-162A02ED3FEA}.Debug|x86.ActiveCfg = Debug|Any CPU
		{25828219-CB32-4267-94BD-162A02ED3FEA}.Debug|x86.Build.0 = Debug|Any CPU
		{25828219-CB32-4267-94BD-162A02ED3FEA}.Release|Any CPU.ActiveCfg = Release|Any CPU
		{25828219-CB32-4267-94BD-162A02ED3FEA}.Release|Any CPU.Build.0 = Release|Any CPU
		{25828219-CB32-4267-94BD-162A02ED3FEA}.Release|ARM.ActiveCfg = Release|Any CPU
		{25828219-CB32-4267-94BD-162A02ED3FEA}.Release|ARM.Build.0 = Release|Any CPU
		{25828219-CB32-4267-94BD-162A02ED3FEA}.Release|ARM64.ActiveCfg = Release|Any CPU
		{25828219-CB32-4267-94BD-162A02ED3FEA}.Release|ARM64.Build.0 = Release|Any CPU
		{25828219-CB32-4267-94BD-162A02ED3FEA}.Release|x64.ActiveCfg = Release|Any CPU
		{25828219-CB32-4267-94BD-162A02ED3FEA}.Release|x64.Build.0 = Release|Any CPU
		{25828219-CB32-4267-94BD-162A02ED3FEA}.Release|x86.ActiveCfg = Release|Any CPU
		{25828219-CB32-4267-94BD-162A02ED3FEA}.Release|x86.Build.0 = Release|Any CPU
		{78BFEF26-1FCC-4714-BC15-9E7E0BD35280}.Debug|Any CPU.ActiveCfg = Debug|Any CPU
		{78BFEF26-1FCC-4714-BC15-9E7E0BD35280}.Debug|Any CPU.Build.0 = Debug|Any CPU
		{78BFEF26-1FCC-4714-BC15-9E7E0BD35280}.Debug|ARM.ActiveCfg = Debug|ARM
		{78BFEF26-1FCC-4714-BC15-9E7E0BD35280}.Debug|ARM.Build.0 = Debug|ARM
		{78BFEF26-1FCC-4714-BC15-9E7E0BD35280}.Debug|ARM64.ActiveCfg = Debug|ARM64
		{78BFEF26-1FCC-4714-BC15-9E7E0BD35280}.Debug|ARM64.Build.0 = Debug|ARM64
		{78BFEF26-1FCC-4714-BC15-9E7E0BD35280}.Debug|x64.ActiveCfg = Debug|x64
		{78BFEF26-1FCC-4714-BC15-9E7E0BD35280}.Debug|x64.Build.0 = Debug|x64
		{78BFEF26-1FCC-4714-BC15-9E7E0BD35280}.Debug|x86.ActiveCfg = Debug|x86
		{78BFEF26-1FCC-4714-BC15-9E7E0BD35280}.Debug|x86.Build.0 = Debug|x86
		{78BFEF26-1FCC-4714-BC15-9E7E0BD35280}.Release|Any CPU.ActiveCfg = Release|Any CPU
		{78BFEF26-1FCC-4714-BC15-9E7E0BD35280}.Release|Any CPU.Build.0 = Release|Any CPU
		{78BFEF26-1FCC-4714-BC15-9E7E0BD35280}.Release|ARM.ActiveCfg = Release|ARM
		{78BFEF26-1FCC-4714-BC15-9E7E0BD35280}.Release|ARM.Build.0 = Release|ARM
		{78BFEF26-1FCC-4714-BC15-9E7E0BD35280}.Release|ARM64.ActiveCfg = Release|ARM64
		{78BFEF26-1FCC-4714-BC15-9E7E0BD35280}.Release|ARM64.Build.0 = Release|ARM64
		{78BFEF26-1FCC-4714-BC15-9E7E0BD35280}.Release|x64.ActiveCfg = Release|x64
		{78BFEF26-1FCC-4714-BC15-9E7E0BD35280}.Release|x64.Build.0 = Release|x64
		{78BFEF26-1FCC-4714-BC15-9E7E0BD35280}.Release|x86.ActiveCfg = Release|x86
		{78BFEF26-1FCC-4714-BC15-9E7E0BD35280}.Release|x86.Build.0 = Release|x86
	EndGlobalSection
	GlobalSection(SolutionProperties) = preSolution
		HideSolutionNode = FALSE
	EndGlobalSection
	GlobalSection(ExtensibilityGlobals) = postSolution
		SolutionGuid = {9C117900-14AF-4886-AB6E-DCA3567104E0}
	EndGlobalSection
EndGlobal
